
Microsoft Visual Studio Solution File, Format Version 12.00
# Visual Studio Version 17
VisualStudioVersion = 17.7.34024.191
MinimumVisualStudioVersion = 10.0.40219.1
Project("{888888A0-9F3D-457C-B088-3A5042F75D52}") = "ClickTixPhyton", "por favor\ClickTixPhyton.pyproj", "{4348F3CA-E18C-419D-87EB-6995EBFC6B94}"
EndProject
Global
	GlobalSection(SolutionConfigurationPlatforms) = preSolution
		Debug|Any CPU = Debug|Any CPU
		Release|Any CPU = Release|Any CPU
	EndGlobalSection
	GlobalSection(ProjectConfigurationPlatforms) = postSolution
		{4348F3CA-E18C-419D-87EB-6995EBFC6B94}.Debug|Any CPU.ActiveCfg = Debug|Any CPU
		{4348F3CA-E18C-419D-87EB-6995EBFC6B94}.Release|Any CPU.ActiveCfg = Release|Any CPU
	EndGlobalSection
	GlobalSection(SolutionProperties) = preSolution
		HideSolutionNode = FALSE
	EndGlobalSection
	GlobalSection(ExtensibilityGlobals) = postSolution
		SolutionGuid = {810A4F84-7D36-444B-B379-BB8FA7F48F50}
	EndGlobalSection
EndGlobal
